
Microsoft Visual Studio Solution File, Format Version 12.00
# Visual Studio Version 17
VisualStudioVersion = 17.7.34024.191
MinimumVisualStudioVersion = 10.0.40219.1
Project("{FAE04EC0-301F-11D3-BF4B-00C04F79EFBC}") = "xadrez-console", "xadrez-console\xadrez-console.csproj", "{B81B1ED3-6575-43D8-A1A4-43229868C217}"
EndProject
Global
	GlobalSection(SolutionConfigurationPlatforms) = preSolution
		Debug|Any CPU = Debug|Any CPU
		Release|Any CPU = Release|Any CPU
	EndGlobalSection
	GlobalSection(ProjectConfigurationPlatforms) = postSolution
		{B81B1ED3-6575-43D8-A1A4-43229868C217}.Debug|Any CPU.ActiveCfg = Debug|Any CPU
		{B81B1ED3-6575-43D8-A1A4-43229868C217}.Debug|Any CPU.Build.0 = Debug|Any CPU
		{B81B1ED3-6575-43D8-A1A4-43229868C217}.Release|Any CPU.ActiveCfg = Release|Any CPU
		{B81B1ED3-6575-43D8-A1A4-43229868C217}.Release|Any CPU.Build.0 = Release|Any CPU
	EndGlobalSection
	GlobalSection(SolutionProperties) = preSolution
		HideSolutionNode = FALSE
	EndGlobalSection
	GlobalSection(ExtensibilityGlobals) = postSolution
		SolutionGuid = {FF86F62B-EEE2-405A-AE25-23DB2F62DD24}
	EndGlobalSection
EndGlobal
